// !$*UTF8*$!
{
	archiveVersion = 1;
	classes = {
	};
	objectVersion = 52;
	objects = {

/* Begin PBXBuildFile section */
		4B6CBF85260923DC0011E461 /* AppDelegate.swift in Sources */ = {isa = PBXBuildFile; fileRef = 4B6CBF84260923DC0011E461 /* AppDelegate.swift */; };
		4B6CBF87260923DC0011E461 /* SceneDelegate.swift in Sources */ = {isa = PBXBuildFile; fileRef = 4B6CBF86260923DC0011E461 /* SceneDelegate.swift */; };
		4B6CBF89260923DC0011E461 /* ContentView.swift in Sources */ = {isa = PBXBuildFile; fileRef = 4B6CBF88260923DC0011E461 /* ContentView.swift */; };
		4B6CBF8E260923DE0011E461 /* Preview Assets.xcassets in Resources */ = {isa = PBXBuildFile; fileRef = 4B6CBF8D260923DE0011E461 /* Preview Assets.xcassets */; };
		4B6CBF91260923DE0011E461 /* LaunchScreen.storyboard in Resources */ = {isa = PBXBuildFile; fileRef = 4B6CBF8F260923DE0011E461 /* LaunchScreen.storyboard */; };
		4B6CBF9C2609240B0011E461 /* Home.swift in Sources */ = {isa = PBXBuildFile; fileRef = 4B6CBF9B2609240B0011E461 /* Home.swift */; };
		4B6CBFA0260972440011E461 /* Assets.xcassets in Resources */ = {isa = PBXBuildFile; fileRef = 4B6CBF9F260972440011E461 /* Assets.xcassets */; };
		4B6CBFA626097B7B0011E461 /* TabButton.swift in Sources */ = {isa = PBXBuildFile; fileRef = 4B6CBFA526097B7B0011E461 /* TabButton.swift */; };
		4B6CBFA926097B950011E461 /* CustomShape.swift in Sources */ = {isa = PBXBuildFile; fileRef = 4B6CBFA826097B950011E461 /* CustomShape.swift */; };
		4B6CBFAC26097BB80011E461 /* TabData.swift in Sources */ = {isa = PBXBuildFile; fileRef = 4B6CBFAB26097BB80011E461 /* TabData.swift */; };
		4B6CBFAF26097CC60011E461 /* ModelData.swift in Sources */ = {isa = PBXBuildFile; fileRef = 4B6CBFAE26097CC60011E461 /* ModelData.swift */; };
		650E007B260D40220028E0CE /* UnderlineTextFieldView.swift in Sources */ = {isa = PBXBuildFile; fileRef = 650E007A260D40220028E0CE /* UnderlineTextFieldView.swift */; };
		650E007F260D41C50028E0CE /* iPhoneNumberField in Frameworks */ = {isa = PBXBuildFile; productRef = 650E007E260D41C50028E0CE /* iPhoneNumberField */; };
		65510CF6260BFE4E00E0557F /* LoginHomeView.swift in Sources */ = {isa = PBXBuildFile; fileRef = 65510CF5260BFE4E00E0557F /* LoginHomeView.swift */; };
		65510CFC260C4ECD00E0557F /* WavesAnimation.swift in Sources */ = {isa = PBXBuildFile; fileRef = 65510CFB260C4ECD00E0557F /* WavesAnimation.swift */; };
		65510D00260C542A00E0557F /* GoogleService-Info.plist in Resources */ = {isa = PBXBuildFile; fileRef = 65510CFF260C542A00E0557F /* GoogleService-Info.plist */; };
		65647708260D697C0086FF91 /* CustomDivider.swift in Sources */ = {isa = PBXBuildFile; fileRef = 65647707260D697C0086FF91 /* CustomDivider.swift */; };
		65832CD1260D6DED00D99293 /* LoginView.swift in Sources */ = {isa = PBXBuildFile; fileRef = 65832CD0260D6DED00D99293 /* LoginView.swift */; };
		65832CD4260D6EA400D99293 /* SignupView.swift in Sources */ = {isa = PBXBuildFile; fileRef = 65832CD3260D6EA400D99293 /* SignupView.swift */; };
		659F2C632609A2AF001850C8 /* ClassView.swift in Sources */ = {isa = PBXBuildFile; fileRef = 659F2C622609A2AF001850C8 /* ClassView.swift */; };
		65B89036260EC18D00FE79B9 /* String.swift in Sources */ = {isa = PBXBuildFile; fileRef = 65B89035260EC18D00FE79B9 /* String.swift */; };
		65B89039260EEBBA00FE79B9 /* UserViewModel.swift in Sources */ = {isa = PBXBuildFile; fileRef = 65B89038260EEBBA00FE79B9 /* UserViewModel.swift */; };
		65B8903C260EEDFD00FE79B9 /* LoadingPopup.swift in Sources */ = {isa = PBXBuildFile; fileRef = 65B8903B260EEDFD00FE79B9 /* LoadingPopup.swift */; };
		65E6F4C5260994CE003DE0EF /* HomeView.swift in Sources */ = {isa = PBXBuildFile; fileRef = 65E6F4C4260994CE003DE0EF /* HomeView.swift */; };
		65E6F4CA26099829003DE0EF /* Pacifico-Regular.ttf in Resources */ = {isa = PBXBuildFile; fileRef = 65E6F4C826099711003DE0EF /* Pacifico-Regular.ttf */; };
		65E6F4CD26099B4C003DE0EF /* RecentWidgetView.swift in Sources */ = {isa = PBXBuildFile; fileRef = 65E6F4CC26099B4C003DE0EF /* RecentWidgetView.swift */; };
		A65B345EF188A639A291F5D7 /* Pods_AllMate.framework in Frameworks */ = {isa = PBXBuildFile; fileRef = C2789E3E44B2C366276763DA /* Pods_AllMate.framework */; };
/* End PBXBuildFile section */

/* Begin PBXFileReference section */
		187111C1F19FF3C5A1DE2F6D /* Pods-AllMate.debug.xcconfig */ = {isa = PBXFileReference; includeInIndex = 1; lastKnownFileType = text.xcconfig; name = "Pods-AllMate.debug.xcconfig"; path = "Target Support Files/Pods-AllMate/Pods-AllMate.debug.xcconfig"; sourceTree = "<group>"; };
		4B6CBF81260923DC0011E461 /* AllMate.app */ = {isa = PBXFileReference; explicitFileType = wrapper.application; includeInIndex = 0; path = AllMate.app; sourceTree = BUILT_PRODUCTS_DIR; };
		4B6CBF84260923DC0011E461 /* AppDelegate.swift */ = {isa = PBXFileReference; lastKnownFileType = sourcecode.swift; path = AppDelegate.swift; sourceTree = "<group>"; };
		4B6CBF86260923DC0011E461 /* SceneDelegate.swift */ = {isa = PBXFileReference; lastKnownFileType = sourcecode.swift; path = SceneDelegate.swift; sourceTree = "<group>"; };
		4B6CBF88260923DC0011E461 /* ContentView.swift */ = {isa = PBXFileReference; lastKnownFileType = sourcecode.swift; path = ContentView.swift; sourceTree = "<group>"; };
		4B6CBF8D260923DE0011E461 /* Preview Assets.xcassets */ = {isa = PBXFileReference; lastKnownFileType = folder.assetcatalog; path = "Preview Assets.xcassets"; sourceTree = "<group>"; };
		4B6CBF90260923DE0011E461 /* Base */ = {isa = PBXFileReference; lastKnownFileType = file.storyboard; name = Base; path = Base.lproj/LaunchScreen.storyboard; sourceTree = "<group>"; };
		4B6CBF92260923DE0011E461 /* Info.plist */ = {isa = PBXFileReference; lastKnownFileType = text.plist.xml; path = Info.plist; sourceTree = "<group>"; };
		4B6CBF9B2609240B0011E461 /* Home.swift */ = {isa = PBXFileReference; lastKnownFileType = sourcecode.swift; path = Home.swift; sourceTree = "<group>"; };
		4B6CBF9F260972440011E461 /* Assets.xcassets */ = {isa = PBXFileReference; lastKnownFileType = folder.assetcatalog; path = Assets.xcassets; sourceTree = "<group>"; };
		4B6CBFA526097B7B0011E461 /* TabButton.swift */ = {isa = PBXFileReference; lastKnownFileType = sourcecode.swift; path = TabButton.swift; sourceTree = "<group>"; };
		4B6CBFA826097B950011E461 /* CustomShape.swift */ = {isa = PBXFileReference; lastKnownFileType = sourcecode.swift; path = CustomShape.swift; sourceTree = "<group>"; };
		4B6CBFAB26097BB80011E461 /* TabData.swift */ = {isa = PBXFileReference; lastKnownFileType = sourcecode.swift; path = TabData.swift; sourceTree = "<group>"; };
		4B6CBFAE26097CC60011E461 /* ModelData.swift */ = {isa = PBXFileReference; lastKnownFileType = sourcecode.swift; path = ModelData.swift; sourceTree = "<group>"; };
		650E007A260D40220028E0CE /* UnderlineTextFieldView.swift */ = {isa = PBXFileReference; lastKnownFileType = sourcecode.swift; path = UnderlineTextFieldView.swift; sourceTree = "<group>"; };
		65510CF5260BFE4E00E0557F /* LoginHomeView.swift */ = {isa = PBXFileReference; lastKnownFileType = sourcecode.swift; path = LoginHomeView.swift; sourceTree = "<group>"; };
		65510CFB260C4ECD00E0557F /* WavesAnimation.swift */ = {isa = PBXFileReference; lastKnownFileType = sourcecode.swift; path = WavesAnimation.swift; sourceTree = "<group>"; };
		65510CFF260C542A00E0557F /* GoogleService-Info.plist */ = {isa = PBXFileReference; fileEncoding = 4; lastKnownFileType = text.plist.xml; path = "GoogleService-Info.plist"; sourceTree = "<group>"; };
		65647707260D697C0086FF91 /* CustomDivider.swift */ = {isa = PBXFileReference; lastKnownFileType = sourcecode.swift; path = CustomDivider.swift; sourceTree = "<group>"; };
		65832CD0260D6DED00D99293 /* LoginView.swift */ = {isa = PBXFileReference; fileEncoding = 4; lastKnownFileType = sourcecode.swift; path = LoginView.swift; sourceTree = "<group>"; };
		65832CD3260D6EA400D99293 /* SignupView.swift */ = {isa = PBXFileReference; lastKnownFileType = sourcecode.swift; path = SignupView.swift; sourceTree = "<group>"; };
		659F2C622609A2AF001850C8 /* ClassView.swift */ = {isa = PBXFileReference; lastKnownFileType = sourcecode.swift; path = ClassView.swift; sourceTree = "<group>"; };
		65B89032260E8B9500FE79B9 /* AllMate.entitlements */ = {isa = PBXFileReference; lastKnownFileType = text.plist.entitlements; path = AllMate.entitlements; sourceTree = "<group>"; };
		65B89035260EC18D00FE79B9 /* String.swift */ = {isa = PBXFileReference; lastKnownFileType = sourcecode.swift; name = String.swift; path = ../../../../../Users/derek/Desktop/String.swift; sourceTree = "<group>"; };
		65B89038260EEBBA00FE79B9 /* UserViewModel.swift */ = {isa = PBXFileReference; lastKnownFileType = sourcecode.swift; path = UserViewModel.swift; sourceTree = "<group>"; };
		65B8903B260EEDFD00FE79B9 /* LoadingPopup.swift */ = {isa = PBXFileReference; lastKnownFileType = sourcecode.swift; path = LoadingPopup.swift; sourceTree = "<group>"; };
		65E6F4C4260994CE003DE0EF /* HomeView.swift */ = {isa = PBXFileReference; lastKnownFileType = sourcecode.swift; path = HomeView.swift; sourceTree = "<group>"; };
		65E6F4C826099711003DE0EF /* Pacifico-Regular.ttf */ = {isa = PBXFileReference; lastKnownFileType = file; path = "Pacifico-Regular.ttf"; sourceTree = "<group>"; };
		65E6F4CC26099B4C003DE0EF /* RecentWidgetView.swift */ = {isa = PBXFileReference; lastKnownFileType = sourcecode.swift; path = RecentWidgetView.swift; sourceTree = "<group>"; };
		B11CAB97B13F71DBC8211EAD /* Pods-AllMate.release.xcconfig */ = {isa = PBXFileReference; includeInIndex = 1; lastKnownFileType = text.xcconfig; name = "Pods-AllMate.release.xcconfig"; path = "Target Support Files/Pods-AllMate/Pods-AllMate.release.xcconfig"; sourceTree = "<group>"; };
		C2789E3E44B2C366276763DA /* Pods_AllMate.framework */ = {isa = PBXFileReference; explicitFileType = wrapper.framework; includeInIndex = 0; path = Pods_AllMate.framework; sourceTree = BUILT_PRODUCTS_DIR; };
/* End PBXFileReference section */

/* Begin PBXFrameworksBuildPhase section */
		4B6CBF7E260923DC0011E461 /* Frameworks */ = {
			isa = PBXFrameworksBuildPhase;
			buildActionMask = 2147483647;
			files = (
				A65B345EF188A639A291F5D7 /* Pods_AllMate.framework in Frameworks */,
				650E007F260D41C50028E0CE /* iPhoneNumberField in Frameworks */,
			);
			runOnlyForDeploymentPostprocessing = 0;
		};
/* End PBXFrameworksBuildPhase section */

/* Begin PBXGroup section */
		4B6CBF78260923DC0011E461 = {
			isa = PBXGroup;
			children = (
				4B6CBF83260923DC0011E461 /* AllMate */,
				4B6CBF82260923DC0011E461 /* Products */,
				B2CE3208AF2BEDA72125FB46 /* Pods */,
				63FCFCA383D89C861E3ED2C7 /* Frameworks */,
			);
			sourceTree = "<group>";
		};
		4B6CBF82260923DC0011E461 /* Products */ = {
			isa = PBXGroup;
			children = (
				4B6CBF81260923DC0011E461 /* AllMate.app */,
			);
			name = Products;
			sourceTree = "<group>";
		};
		4B6CBF83260923DC0011E461 /* AllMate */ = {
			isa = PBXGroup;
			children = (
				65B89034260EC18000FE79B9 /* Extensions */,
				65B89032260E8B9500FE79B9 /* AllMate.entitlements */,
				65510CFF260C542A00E0557F /* GoogleService-Info.plist */,
				65E6F4C726099704003DE0EF /* Fonts */,
				4B6CBF84260923DC0011E461 /* AppDelegate.swift */,
				4B6CBF86260923DC0011E461 /* SceneDelegate.swift */,
				4B6CBF9F260972440011E461 /* Assets.xcassets */,
				4B6CBFB126097D060011E461 /* Models */,
				4B6CBF99260923F50011E461 /* Views */,
				4B6CBF8F260923DE0011E461 /* LaunchScreen.storyboard */,
				4B6CBF92260923DE0011E461 /* Info.plist */,
				4B6CBF8C260923DE0011E461 /* Preview Content */,
			);
			path = AllMate;
			sourceTree = "<group>";
		};
		4B6CBF8C260923DE0011E461 /* Preview Content */ = {
			isa = PBXGroup;
			children = (
				4B6CBF8D260923DE0011E461 /* Preview Assets.xcassets */,
			);
			path = "Preview Content";
			sourceTree = "<group>";
		};
		4B6CBF99260923F50011E461 /* Views */ = {
			isa = PBXGroup;
			children = (
				65510CEC260BFA3300E0557F /* Animations */,
				65510CE8260BEF5700E0557F /* Login  */,
				659F2C612609A2A0001850C8 /* Home Feed */,
				4B6CBF88260923DC0011E461 /* ContentView.swift */,
				4B6CBF9B2609240B0011E461 /* Home.swift */,
				4B6CBFA526097B7B0011E461 /* TabButton.swift */,
				4B6CBFA826097B950011E461 /* CustomShape.swift */,
				4B6CBFAB26097BB80011E461 /* TabData.swift */,
				65E6F4C4260994CE003DE0EF /* HomeView.swift */,
				65E6F4CC26099B4C003DE0EF /* RecentWidgetView.swift */,
			);
			path = Views;
			sourceTree = "<group>";
		};
		4B6CBFB126097D060011E461 /* Models */ = {
			isa = PBXGroup;
			children = (
				4B6CBFAE26097CC60011E461 /* ModelData.swift */,
				65B89038260EEBBA00FE79B9 /* UserViewModel.swift */,
			);
			path = Models;
			sourceTree = "<group>";
		};
		63FCFCA383D89C861E3ED2C7 /* Frameworks */ = {
			isa = PBXGroup;
			children = (
				C2789E3E44B2C366276763DA /* Pods_AllMate.framework */,
			);
			name = Frameworks;
			sourceTree = "<group>";
		};
		65510CE8260BEF5700E0557F /* Login  */ = {
			isa = PBXGroup;
			children = (
				65510CF5260BFE4E00E0557F /* LoginHomeView.swift */,
				65832CD0260D6DED00D99293 /* LoginView.swift */,
				650E007A260D40220028E0CE /* UnderlineTextFieldView.swift */,
				65647707260D697C0086FF91 /* CustomDivider.swift */,
				65832CD3260D6EA400D99293 /* SignupView.swift */,
				65B8903B260EEDFD00FE79B9 /* LoadingPopup.swift */,
			);
			path = "Login ";
			sourceTree = "<group>";
		};
		65510CEC260BFA3300E0557F /* Animations */ = {
			isa = PBXGroup;
			children = (
				65510CFB260C4ECD00E0557F /* WavesAnimation.swift */,
			);
			path = Animations;
			sourceTree = "<group>";
		};
		659F2C612609A2A0001850C8 /* Home Feed */ = {
			isa = PBXGroup;
			children = (
				659F2C622609A2AF001850C8 /* ClassView.swift */,
			);
			path = "Home Feed";
			sourceTree = "<group>";
		};
		65B89034260EC18000FE79B9 /* Extensions */ = {
			isa = PBXGroup;
			children = (
				65B89035260EC18D00FE79B9 /* String.swift */,
			);
			path = Extensions;
			sourceTree = "<group>";
		};
		65E6F4C726099704003DE0EF /* Fonts */ = {
			isa = PBXGroup;
			children = (
				65E6F4C826099711003DE0EF /* Pacifico-Regular.ttf */,
			);
			path = Fonts;
			sourceTree = "<group>";
		};
		B2CE3208AF2BEDA72125FB46 /* Pods */ = {
			isa = PBXGroup;
			children = (
				187111C1F19FF3C5A1DE2F6D /* Pods-AllMate.debug.xcconfig */,
				B11CAB97B13F71DBC8211EAD /* Pods-AllMate.release.xcconfig */,
			);
			path = Pods;
			sourceTree = "<group>";
		};
/* End PBXGroup section */

/* Begin PBXNativeTarget section */
		4B6CBF80260923DC0011E461 /* AllMate */ = {
			isa = PBXNativeTarget;
			buildConfigurationList = 4B6CBF95260923DE0011E461 /* Build configuration list for PBXNativeTarget "AllMate" */;
			buildPhases = (
				DAF03AB000738DDB9893F57F /* [CP] Check Pods Manifest.lock */,
				4B6CBF7D260923DC0011E461 /* Sources */,
				4B6CBF7E260923DC0011E461 /* Frameworks */,
				4B6CBF7F260923DC0011E461 /* Resources */,
				7DD511A91858E96EF5FB7E9C /* [CP] Embed Pods Frameworks */,
			);
			buildRules = (
			);
			dependencies = (
			);
			name = AllMate;
			packageProductDependencies = (
				650E007E260D41C50028E0CE /* iPhoneNumberField */,
			);
			productName = AllMate;
			productReference = 4B6CBF81260923DC0011E461 /* AllMate.app */;
			productType = "com.apple.product-type.application";
		};
/* End PBXNativeTarget section */

/* Begin PBXProject section */
		4B6CBF79260923DC0011E461 /* Project object */ = {
			isa = PBXProject;
			attributes = {
				LastSwiftUpdateCheck = 1220;
				LastUpgradeCheck = 1220;
				TargetAttributes = {
					4B6CBF80260923DC0011E461 = {
						CreatedOnToolsVersion = 12.2;
					};
				};
			};
			buildConfigurationList = 4B6CBF7C260923DC0011E461 /* Build configuration list for PBXProject "AllMate" */;
			compatibilityVersion = "Xcode 9.3";
			developmentRegion = en;
			hasScannedForEncodings = 0;
			knownRegions = (
				en,
				Base,
			);
			mainGroup = 4B6CBF78260923DC0011E461;
			packageReferences = (
				650E007D260D41C50028E0CE /* XCRemoteSwiftPackageReference "iPhoneNumberField" */,
			);
			productRefGroup = 4B6CBF82260923DC0011E461 /* Products */;
			projectDirPath = "";
			projectRoot = "";
			targets = (
				4B6CBF80260923DC0011E461 /* AllMate */,
			);
		};
/* End PBXProject section */

/* Begin PBXResourcesBuildPhase section */
		4B6CBF7F260923DC0011E461 /* Resources */ = {
			isa = PBXResourcesBuildPhase;
			buildActionMask = 2147483647;
			files = (
				4B6CBF91260923DE0011E461 /* LaunchScreen.storyboard in Resources */,
				65E6F4CA26099829003DE0EF /* Pacifico-Regular.ttf in Resources */,
				4B6CBFA0260972440011E461 /* Assets.xcassets in Resources */,
				4B6CBF8E260923DE0011E461 /* Preview Assets.xcassets in Resources */,
				65510D00260C542A00E0557F /* GoogleService-Info.plist in Resources */,
			);
			runOnlyForDeploymentPostprocessing = 0;
		};
/* End PBXResourcesBuildPhase section */

/* Begin PBXShellScriptBuildPhase section */
		7DD511A91858E96EF5FB7E9C /* [CP] Embed Pods Frameworks */ = {
			isa = PBXShellScriptBuildPhase;
			buildActionMask = 2147483647;
			files = (
			);
			inputFileListPaths = (
				"${PODS_ROOT}/Target Support Files/Pods-AllMate/Pods-AllMate-frameworks-${CONFIGURATION}-input-files.xcfilelist",
			);
			name = "[CP] Embed Pods Frameworks";
			outputFileListPaths = (
				"${PODS_ROOT}/Target Support Files/Pods-AllMate/Pods-AllMate-frameworks-${CONFIGURATION}-output-files.xcfilelist",
			);
			runOnlyForDeploymentPostprocessing = 0;
			shellPath = /bin/sh;
			shellScript = "\"${PODS_ROOT}/Target Support Files/Pods-AllMate/Pods-AllMate-frameworks.sh\"\n";
			showEnvVarsInLog = 0;
		};
		DAF03AB000738DDB9893F57F /* [CP] Check Pods Manifest.lock */ = {
			isa = PBXShellScriptBuildPhase;
			buildActionMask = 2147483647;
			files = (
			);
			inputFileListPaths = (
			);
			inputPaths = (
				"${PODS_PODFILE_DIR_PATH}/Podfile.lock",
				"${PODS_ROOT}/Manifest.lock",
			);
			name = "[CP] Check Pods Manifest.lock";
			outputFileListPaths = (
			);
			outputPaths = (
				"$(DERIVED_FILE_DIR)/Pods-AllMate-checkManifestLockResult.txt",
			);
			runOnlyForDeploymentPostprocessing = 0;
			shellPath = /bin/sh;
			shellScript = "diff \"${PODS_PODFILE_DIR_PATH}/Podfile.lock\" \"${PODS_ROOT}/Manifest.lock\" > /dev/null\nif [ $? != 0 ] ; then\n    # print error to STDERR\n    echo \"error: The sandbox is not in sync with the Podfile.lock. Run 'pod install' or update your CocoaPods installation.\" >&2\n    exit 1\nfi\n# This output is used by Xcode 'outputs' to avoid re-running this script phase.\necho \"SUCCESS\" > \"${SCRIPT_OUTPUT_FILE_0}\"\n";
			showEnvVarsInLog = 0;
		};
/* End PBXShellScriptBuildPhase section */

/* Begin PBXSourcesBuildPhase section */
		4B6CBF7D260923DC0011E461 /* Sources */ = {
			isa = PBXSourcesBuildPhase;
			buildActionMask = 2147483647;
			files = (
				65647708260D697C0086FF91 /* CustomDivider.swift in Sources */,
				65E6F4C5260994CE003DE0EF /* HomeView.swift in Sources */,
				65510CFC260C4ECD00E0557F /* WavesAnimation.swift in Sources */,
				650E007B260D40220028E0CE /* UnderlineTextFieldView.swift in Sources */,
				4B6CBFAC26097BB80011E461 /* TabData.swift in Sources */,
				65832CD4260D6EA400D99293 /* SignupView.swift in Sources */,
				4B6CBF85260923DC0011E461 /* AppDelegate.swift in Sources */,
				4B6CBF9C2609240B0011E461 /* Home.swift in Sources */,
				4B6CBFA926097B950011E461 /* CustomShape.swift in Sources */,
				4B6CBF87260923DC0011E461 /* SceneDelegate.swift in Sources */,
				4B6CBFAF26097CC60011E461 /* ModelData.swift in Sources */,
				65E6F4CD26099B4C003DE0EF /* RecentWidgetView.swift in Sources */,
				65B89036260EC18D00FE79B9 /* String.swift in Sources */,
				65B89039260EEBBA00FE79B9 /* UserViewModel.swift in Sources */,
				65510CF6260BFE4E00E0557F /* LoginHomeView.swift in Sources */,
				65B8903C260EEDFD00FE79B9 /* LoadingPopup.swift in Sources */,
				4B6CBFA626097B7B0011E461 /* TabButton.swift in Sources */,
				4B6CBF89260923DC0011E461 /* ContentView.swift in Sources */,
				65832CD1260D6DED00D99293 /* LoginView.swift in Sources */,
				659F2C632609A2AF001850C8 /* ClassView.swift in Sources */,
			);
			runOnlyForDeploymentPostprocessing = 0;
		};
/* End PBXSourcesBuildPhase section */

/* Begin PBXVariantGroup section */
		4B6CBF8F260923DE0011E461 /* LaunchScreen.storyboard */ = {
			isa = PBXVariantGroup;
			children = (
				4B6CBF90260923DE0011E461 /* Base */,
			);
			name = LaunchScreen.storyboard;
			sourceTree = "<group>";
		};
/* End PBXVariantGroup section */

/* Begin XCBuildConfiguration section */
		4B6CBF93260923DE0011E461 /* Debug */ = {
			isa = XCBuildConfiguration;
			buildSettings = {
				ALWAYS_SEARCH_USER_PATHS = NO;
				CLANG_ANALYZER_NONNULL = YES;
				CLANG_ANALYZER_NUMBER_OBJECT_CONVERSION = YES_AGGRESSIVE;
				CLANG_CXX_LANGUAGE_STANDARD = "gnu++14";
				CLANG_CXX_LIBRARY = "libc++";
				CLANG_ENABLE_MODULES = YES;
				CLANG_ENABLE_OBJC_ARC = YES;
				CLANG_ENABLE_OBJC_WEAK = YES;
				CLANG_WARN_BLOCK_CAPTURE_AUTORELEASING = YES;
				CLANG_WARN_BOOL_CONVERSION = YES;
				CLANG_WARN_COMMA = YES;
				CLANG_WARN_CONSTANT_CONVERSION = YES;
				CLANG_WARN_DEPRECATED_OBJC_IMPLEMENTATIONS = YES;
				CLANG_WARN_DIRECT_OBJC_ISA_USAGE = YES_ERROR;
				CLANG_WARN_DOCUMENTATION_COMMENTS = YES;
				CLANG_WARN_EMPTY_BODY = YES;
				CLANG_WARN_ENUM_CONVERSION = YES;
				CLANG_WARN_INFINITE_RECURSION = YES;
				CLANG_WARN_INT_CONVERSION = YES;
				CLANG_WARN_NON_LITERAL_NULL_CONVERSION = YES;
				CLANG_WARN_OBJC_IMPLICIT_RETAIN_SELF = YES;
				CLANG_WARN_OBJC_LITERAL_CONVERSION = YES;
				CLANG_WARN_OBJC_ROOT_CLASS = YES_ERROR;
				CLANG_WARN_QUOTED_INCLUDE_IN_FRAMEWORK_HEADER = YES;
				CLANG_WARN_RANGE_LOOP_ANALYSIS = YES;
				CLANG_WARN_STRICT_PROTOTYPES = YES;
				CLANG_WARN_SUSPICIOUS_MOVE = YES;
				CLANG_WARN_UNGUARDED_AVAILABILITY = YES_AGGRESSIVE;
				CLANG_WARN_UNREACHABLE_CODE = YES;
				CLANG_WARN__DUPLICATE_METHOD_MATCH = YES;
				COPY_PHASE_STRIP = NO;
				DEBUG_INFORMATION_FORMAT = dwarf;
				ENABLE_STRICT_OBJC_MSGSEND = YES;
				ENABLE_TESTABILITY = YES;
				GCC_C_LANGUAGE_STANDARD = gnu11;
				GCC_DYNAMIC_NO_PIC = NO;
				GCC_NO_COMMON_BLOCKS = YES;
				GCC_OPTIMIZATION_LEVEL = 0;
				GCC_PREPROCESSOR_DEFINITIONS = (
					"DEBUG=1",
					"$(inherited)",
				);
				GCC_WARN_64_TO_32_BIT_CONVERSION = YES;
				GCC_WARN_ABOUT_RETURN_TYPE = YES_ERROR;
				GCC_WARN_UNDECLARED_SELECTOR = YES;
				GCC_WARN_UNINITIALIZED_AUTOS = YES_AGGRESSIVE;
				GCC_WARN_UNUSED_FUNCTION = YES;
				GCC_WARN_UNUSED_VARIABLE = YES;
				IPHONEOS_DEPLOYMENT_TARGET = 14.1;
				MTL_ENABLE_DEBUG_INFO = INCLUDE_SOURCE;
				MTL_FAST_MATH = YES;
				ONLY_ACTIVE_ARCH = YES;
				SDKROOT = iphoneos;
				SWIFT_ACTIVE_COMPILATION_CONDITIONS = DEBUG;
				SWIFT_OPTIMIZATION_LEVEL = "-Onone";
			};
			name = Debug;
		};
		4B6CBF94260923DE0011E461 /* Release */ = {
			isa = XCBuildConfiguration;
			buildSettings = {
				ALWAYS_SEARCH_USER_PATHS = NO;
				CLANG_ANALYZER_NONNULL = YES;
				CLANG_ANALYZER_NUMBER_OBJECT_CONVERSION = YES_AGGRESSIVE;
				CLANG_CXX_LANGUAGE_STANDARD = "gnu++14";
				CLANG_CXX_LIBRARY = "libc++";
				CLANG_ENABLE_MODULES = YES;
				CLANG_ENABLE_OBJC_ARC = YES;
				CLANG_ENABLE_OBJC_WEAK = YES;
				CLANG_WARN_BLOCK_CAPTURE_AUTORELEASING = YES;
				CLANG_WARN_BOOL_CONVERSION = YES;
				CLANG_WARN_COMMA = YES;
				CLANG_WARN_CONSTANT_CONVERSION = YES;
				CLANG_WARN_DEPRECATED_OBJC_IMPLEMENTATIONS = YES;
				CLANG_WARN_DIRECT_OBJC_ISA_USAGE = YES_ERROR;
				CLANG_WARN_DOCUMENTATION_COMMENTS = YES;
				CLANG_WARN_EMPTY_BODY = YES;
				CLANG_WARN_ENUM_CONVERSION = YES;
				CLANG_WARN_INFINITE_RECURSION = YES;
				CLANG_WARN_INT_CONVERSION = YES;
				CLANG_WARN_NON_LITERAL_NULL_CONVERSION = YES;
				CLANG_WARN_OBJC_IMPLICIT_RETAIN_SELF = YES;
				CLANG_WARN_OBJC_LITERAL_CONVERSION = YES;
				CLANG_WARN_OBJC_ROOT_CLASS = YES_ERROR;
				CLANG_WARN_QUOTED_INCLUDE_IN_FRAMEWORK_HEADER = YES;
				CLANG_WARN_RANGE_LOOP_ANALYSIS = YES;
				CLANG_WARN_STRICT_PROTOTYPES = YES;
				CLANG_WARN_SUSPICIOUS_MOVE = YES;
				CLANG_WARN_UNGUARDED_AVAILABILITY = YES_AGGRESSIVE;
				CLANG_WARN_UNREACHABLE_CODE = YES;
				CLANG_WARN__DUPLICATE_METHOD_MATCH = YES;
				COPY_PHASE_STRIP = NO;
				DEBUG_INFORMATION_FORMAT = "dwarf-with-dsym";
				ENABLE_NS_ASSERTIONS = NO;
				ENABLE_STRICT_OBJC_MSGSEND = YES;
				GCC_C_LANGUAGE_STANDARD = gnu11;
				GCC_NO_COMMON_BLOCKS = YES;
				GCC_WARN_64_TO_32_BIT_CONVERSION = YES;
				GCC_WARN_ABOUT_RETURN_TYPE = YES_ERROR;
				GCC_WARN_UNDECLARED_SELECTOR = YES;
				GCC_WARN_UNINITIALIZED_AUTOS = YES_AGGRESSIVE;
				GCC_WARN_UNUSED_FUNCTION = YES;
				GCC_WARN_UNUSED_VARIABLE = YES;
				IPHONEOS_DEPLOYMENT_TARGET = 14.1;
				MTL_ENABLE_DEBUG_INFO = NO;
				MTL_FAST_MATH = YES;
				SDKROOT = iphoneos;
				SWIFT_COMPILATION_MODE = wholemodule;
				SWIFT_OPTIMIZATION_LEVEL = "-O";
				VALIDATE_PRODUCT = YES;
			};
			name = Release;
		};
		4B6CBF96260923DE0011E461 /* Debug */ = {
			isa = XCBuildConfiguration;
			baseConfigurationReference = 187111C1F19FF3C5A1DE2F6D /* Pods-AllMate.debug.xcconfig */;
			buildSettings = {
				ASSETCATALOG_COMPILER_APPICON_NAME = AppIcon;
				ASSETCATALOG_COMPILER_GLOBAL_ACCENT_COLOR_NAME = AccentColor;
				CODE_SIGN_ENTITLEMENTS = AllMate/AllMate.entitlements;
				CODE_SIGN_STYLE = Automatic;
				DEVELOPMENT_ASSET_PATHS = "\"AllMate/Preview Content\"";
				DEVELOPMENT_TEAM = V5P29Y93LL;
				ENABLE_PREVIEWS = YES;
				INFOPLIST_FILE = AllMate/Info.plist;
				IPHONEOS_DEPLOYMENT_TARGET = 14.1;
				LD_RUNPATH_SEARCH_PATHS = (
					"$(inherited)",
					"@executable_path/Frameworks",
				);
				PRODUCT_BUNDLE_IDENTIFIER = com.derekhsieh.AllMate;
				PRODUCT_NAME = "$(TARGET_NAME)";
				SWIFT_VERSION = 5.0;
				TARGETED_DEVICE_FAMILY = "1,2";
			};
			name = Debug;
		};
		4B6CBF97260923DE0011E461 /* Release */ = {
			isa = XCBuildConfiguration;
			baseConfigurationReference = B11CAB97B13F71DBC8211EAD /* Pods-AllMate.release.xcconfig */;
			buildSettings = {
				ASSETCATALOG_COMPILER_APPICON_NAME = AppIcon;
				ASSETCATALOG_COMPILER_GLOBAL_ACCENT_COLOR_NAME = AccentColor;
				CODE_SIGN_ENTITLEMENTS = AllMate/AllMate.entitlements;
				CODE_SIGN_STYLE = Automatic;
				DEVELOPMENT_ASSET_PATHS = "\"AllMate/Preview Content\"";
				DEVELOPMENT_TEAM = V5P29Y93LL;
				ENABLE_PREVIEWS = YES;
				INFOPLIST_FILE = AllMate/Info.plist;
				IPHONEOS_DEPLOYMENT_TARGET = 14.1;
				LD_RUNPATH_SEARCH_PATHS = (
					"$(inherited)",
					"@executable_path/Frameworks",
				);
				PRODUCT_BUNDLE_IDENTIFIER = com.derekhsieh.AllMate;
				PRODUCT_NAME = "$(TARGET_NAME)";
				SWIFT_VERSION = 5.0;
				TARGETED_DEVICE_FAMILY = "1,2";
			};
			name = Release;
		};
/* End XCBuildConfiguration section */

/* Begin XCConfigurationList section */
		4B6CBF7C260923DC0011E461 /* Build configuration list for PBXProject "AllMate" */ = {
			isa = XCConfigurationList;
			buildConfigurations = (
				4B6CBF93260923DE0011E461 /* Debug */,
				4B6CBF94260923DE0011E461 /* Release */,
			);
			defaultConfigurationIsVisible = 0;
			defaultConfigurationName = Release;
		};
		4B6CBF95260923DE0011E461 /* Build configuration list for PBXNativeTarget "AllMate" */ = {
			isa = XCConfigurationList;
			buildConfigurations = (
				4B6CBF96260923DE0011E461 /* Debug */,
				4B6CBF97260923DE0011E461 /* Release */,
			);
			defaultConfigurationIsVisible = 0;
			defaultConfigurationName = Release;
		};
/* End XCConfigurationList section */

/* Begin XCRemoteSwiftPackageReference section */
		650E007D260D41C50028E0CE /* XCRemoteSwiftPackageReference "iPhoneNumberField" */ = {
			isa = XCRemoteSwiftPackageReference;
			repositoryURL = "https://github.com/MojtabaHs/iPhoneNumberField.git";
			requirement = {
				kind = upToNextMajorVersion;
				minimumVersion = 0.6.1;
			};
		};
/* End XCRemoteSwiftPackageReference section */

/* Begin XCSwiftPackageProductDependency section */
		650E007E260D41C50028E0CE /* iPhoneNumberField */ = {
			isa = XCSwiftPackageProductDependency;
			package = 650E007D260D41C50028E0CE /* XCRemoteSwiftPackageReference "iPhoneNumberField" */;
			productName = iPhoneNumberField;
		};
/* End XCSwiftPackageProductDependency section */
	};
	rootObject = 4B6CBF79260923DC0011E461 /* Project object */;
}
