// !$*UTF8*$!
{
	archiveVersion = 1;
	classes = {
	};
	objectVersion = 50;
	objects = {

/* Begin PBXBuildFile section */
		4B6CBF85260923DC0011E461 /* AppDelegate.swift in Sources */ = {isa = PBXBuildFile; fileRef = 4B6CBF84260923DC0011E461 /* AppDelegate.swift */; };
		4B6CBF87260923DC0011E461 /* SceneDelegate.swift in Sources */ = {isa = PBXBuildFile; fileRef = 4B6CBF86260923DC0011E461 /* SceneDelegate.swift */; };
		4B6CBF89260923DC0011E461 /* ContentView.swift in Sources */ = {isa = PBXBuildFile; fileRef = 4B6CBF88260923DC0011E461 /* ContentView.swift */; };
		4B6CBF8E260923DE0011E461 /* Preview Assets.xcassets in Resources */ = {isa = PBXBuildFile; fileRef = 4B6CBF8D260923DE0011E461 /* Preview Assets.xcassets */; };
		4B6CBF91260923DE0011E461 /* LaunchScreen.storyboard in Resources */ = {isa = PBXBuildFile; fileRef = 4B6CBF8F260923DE0011E461 /* LaunchScreen.storyboard */; };
		4B6CBF9C2609240B0011E461 /* HomeView.swift in Sources */ = {isa = PBXBuildFile; fileRef = 4B6CBF9B2609240B0011E461 /* HomeView.swift */; };
		4B6CBFA0260972440011E461 /* Assets.xcassets in Resources */ = {isa = PBXBuildFile; fileRef = 4B6CBF9F260972440011E461 /* Assets.xcassets */; };
		4B6CBFA626097B7B0011E461 /* TabButton.swift in Sources */ = {isa = PBXBuildFile; fileRef = 4B6CBFA526097B7B0011E461 /* TabButton.swift */; };
		4B6CBFA926097B950011E461 /* CustomShape.swift in Sources */ = {isa = PBXBuildFile; fileRef = 4B6CBFA826097B950011E461 /* CustomShape.swift */; };
		4B6CBFAC26097BB80011E461 /* TabData.swift in Sources */ = {isa = PBXBuildFile; fileRef = 4B6CBFAB26097BB80011E461 /* TabData.swift */; };
		4B6CBFAF26097CC60011E461 /* ModelData.swift in Sources */ = {isa = PBXBuildFile; fileRef = 4B6CBFAE26097CC60011E461 /* ModelData.swift */; };
/* End PBXBuildFile section */

/* Begin PBXFileReference section */
		4B6CBF81260923DC0011E461 /* AllMate.app */ = {isa = PBXFileReference; explicitFileType = wrapper.application; includeInIndex = 0; path = AllMate.app; sourceTree = BUILT_PRODUCTS_DIR; };
		4B6CBF84260923DC0011E461 /* AppDelegate.swift */ = {isa = PBXFileReference; lastKnownFileType = sourcecode.swift; path = AppDelegate.swift; sourceTree = "<group>"; };
		4B6CBF86260923DC0011E461 /* SceneDelegate.swift */ = {isa = PBXFileReference; lastKnownFileType = sourcecode.swift; path = SceneDelegate.swift; sourceTree = "<group>"; };
		4B6CBF88260923DC0011E461 /* ContentView.swift */ = {isa = PBXFileReference; lastKnownFileType = sourcecode.swift; path = ContentView.swift; sourceTree = "<group>"; };
		4B6CBF8D260923DE0011E461 /* Preview Assets.xcassets */ = {isa = PBXFileReference; lastKnownFileType = folder.assetcatalog; path = "Preview Assets.xcassets"; sourceTree = "<group>"; };
		4B6CBF90260923DE0011E461 /* Base */ = {isa = PBXFileReference; lastKnownFileType = file.storyboard; name = Base; path = Base.lproj/LaunchScreen.storyboard; sourceTree = "<group>"; };
		4B6CBF92260923DE0011E461 /* Info.plist */ = {isa = PBXFileReference; lastKnownFileType = text.plist.xml; path = Info.plist; sourceTree = "<group>"; };
		4B6CBF9B2609240B0011E461 /* HomeView.swift */ = {isa = PBXFileReference; lastKnownFileType = sourcecode.swift; path = HomeView.swift; sourceTree = "<group>"; };
		4B6CBF9F260972440011E461 /* Assets.xcassets */ = {isa = PBXFileReference; lastKnownFileType = folder.assetcatalog; path = Assets.xcassets; sourceTree = "<group>"; };
		4B6CBFA526097B7B0011E461 /* TabButton.swift */ = {isa = PBXFileReference; lastKnownFileType = sourcecode.swift; path = TabButton.swift; sourceTree = "<group>"; };
		4B6CBFA826097B950011E461 /* CustomShape.swift */ = {isa = PBXFileReference; lastKnownFileType = sourcecode.swift; path = CustomShape.swift; sourceTree = "<group>"; };
		4B6CBFAB26097BB80011E461 /* TabData.swift */ = {isa = PBXFileReference; lastKnownFileType = sourcecode.swift; path = TabData.swift; sourceTree = "<group>"; };
		4B6CBFAE26097CC60011E461 /* ModelData.swift */ = {isa = PBXFileReference; lastKnownFileType = sourcecode.swift; path = ModelData.swift; sourceTree = "<group>"; };
/* End PBXFileReference section */

/* Begin PBXFrameworksBuildPhase section */
		4B6CBF7E260923DC0011E461 /* Frameworks */ = {
			isa = PBXFrameworksBuildPhase;
			buildActionMask = 2147483647;
			files = (
			);
			runOnlyForDeploymentPostprocessing = 0;
		};
/* End PBXFrameworksBuildPhase section */

/* Begin PBXGroup section */
		4B6CBF78260923DC0011E461 = {
			isa = PBXGroup;
			children = (
				4B6CBF83260923DC0011E461 /* AllMate */,
				4B6CBF82260923DC0011E461 /* Products */,
			);
			sourceTree = "<group>";
		};
		4B6CBF82260923DC0011E461 /* Products */ = {
			isa = PBXGroup;
			children = (
				4B6CBF81260923DC0011E461 /* AllMate.app */,
			);
			name = Products;
			sourceTree = "<group>";
		};
		4B6CBF83260923DC0011E461 /* AllMate */ = {
			isa = PBXGroup;
			children = (
				4B6CBF84260923DC0011E461 /* AppDelegate.swift */,
				4B6CBF86260923DC0011E461 /* SceneDelegate.swift */,
				4B6CBF9F260972440011E461 /* Assets.xcassets */,
				4B6CBFB126097D060011E461 /* Models */,
				4B6CBF99260923F50011E461 /* Views */,
				4B6CBF8F260923DE0011E461 /* LaunchScreen.storyboard */,
				4B6CBF92260923DE0011E461 /* Info.plist */,
				4B6CBF8C260923DE0011E461 /* Preview Content */,
			);
			path = AllMate;
			sourceTree = "<group>";
		};
		4B6CBF8C260923DE0011E461 /* Preview Content */ = {
			isa = PBXGroup;
			children = (
				4B6CBF8D260923DE0011E461 /* Preview Assets.xcassets */,
			);
			path = "Preview Content";
			sourceTree = "<group>";
		};
		4B6CBF99260923F50011E461 /* Views */ = {
			isa = PBXGroup;
			children = (
				4B6CBF88260923DC0011E461 /* ContentView.swift */,
				4B6CBF9B2609240B0011E461 /* HomeView.swift */,
				4B6CBFA526097B7B0011E461 /* TabButton.swift */,
				4B6CBFA826097B950011E461 /* CustomShape.swift */,
				4B6CBFAB26097BB80011E461 /* TabData.swift */,
			);
			path = Views;
			sourceTree = "<group>";
		};
		4B6CBFB126097D060011E461 /* Models */ = {
			isa = PBXGroup;
			children = (
				4B6CBFAE26097CC60011E461 /* ModelData.swift */,
			);
			path = Models;
			sourceTree = "<group>";
		};
/* End PBXGroup section */

/* Begin PBXNativeTarget section */
		4B6CBF80260923DC0011E461 /* AllMate */ = {
			isa = PBXNativeTarget;
			buildConfigurationList = 4B6CBF95260923DE0011E461 /* Build configuration list for PBXNativeTarget "AllMate" */;
			buildPhases = (
				4B6CBF7D260923DC0011E461 /* Sources */,
				4B6CBF7E260923DC0011E461 /* Frameworks */,
				4B6CBF7F260923DC0011E461 /* Resources */,
			);
			buildRules = (
			);
			dependencies = (
			);
			name = AllMate;
			productName = AllMate;
			productReference = 4B6CBF81260923DC0011E461 /* AllMate.app */;
			productType = "com.apple.product-type.application";
		};
/* End PBXNativeTarget section */

/* Begin PBXProject section */
		4B6CBF79260923DC0011E461 /* Project object */ = {
			isa = PBXProject;
			attributes = {
				LastSwiftUpdateCheck = 1220;
				LastUpgradeCheck = 1220;
				TargetAttributes = {
					4B6CBF80260923DC0011E461 = {
						CreatedOnToolsVersion = 12.2;
					};
				};
			};
			buildConfigurationList = 4B6CBF7C260923DC0011E461 /* Build configuration list for PBXProject "AllMate" */;
			compatibilityVersion = "Xcode 9.3";
			developmentRegion = en;
			hasScannedForEncodings = 0;
			knownRegions = (
				en,
				Base,
			);
			mainGroup = 4B6CBF78260923DC0011E461;
			productRefGroup = 4B6CBF82260923DC0011E461 /* Products */;
			projectDirPath = "";
			projectRoot = "";
			targets = (
				4B6CBF80260923DC0011E461 /* AllMate */,
			);
		};
/* End PBXProject section */

/* Begin PBXResourcesBuildPhase section */
		4B6CBF7F260923DC0011E461 /* Resources */ = {
			isa = PBXResourcesBuildPhase;
			buildActionMask = 2147483647;
			files = (
				4B6CBF91260923DE0011E461 /* LaunchScreen.storyboard in Resources */,
				4B6CBFA0260972440011E461 /* Assets.xcassets in Resources */,
				4B6CBF8E260923DE0011E461 /* Preview Assets.xcassets in Resources */,
			);
			runOnlyForDeploymentPostprocessing = 0;
		};
/* End PBXResourcesBuildPhase section */

/* Begin PBXSourcesBuildPhase section */
		4B6CBF7D260923DC0011E461 /* Sources */ = {
			isa = PBXSourcesBuildPhase;
			buildActionMask = 2147483647;
			files = (
				4B6CBFAC26097BB80011E461 /* TabData.swift in Sources */,
				4B6CBF85260923DC0011E461 /* AppDelegate.swift in Sources */,
				4B6CBF9C2609240B0011E461 /* HomeView.swift in Sources */,
				4B6CBFA926097B950011E461 /* CustomShape.swift in Sources */,
				4B6CBF87260923DC0011E461 /* SceneDelegate.swift in Sources */,
				4B6CBFAF26097CC60011E461 /* ModelData.swift in Sources */,
				4B6CBFA626097B7B0011E461 /* TabButton.swift in Sources */,
				4B6CBF89260923DC0011E461 /* ContentView.swift in Sources */,
			);
			runOnlyForDeploymentPostprocessing = 0;
		};
/* End PBXSourcesBuildPhase section */

/* Begin PBXVariantGroup section */
		4B6CBF8F260923DE0011E461 /* LaunchScreen.storyboard */ = {
			isa = PBXVariantGroup;
			children = (
				4B6CBF90260923DE0011E461 /* Base */,
			);
			name = LaunchScreen.storyboard;
			sourceTree = "<group>";
		};
/* End PBXVariantGroup section */

/* Begin XCBuildConfiguration section */
		4B6CBF93260923DE0011E461 /* Debug */ = {
			isa = XCBuildConfiguration;
			buildSettings = {
				ALWAYS_SEARCH_USER_PATHS = NO;
				CLANG_ANALYZER_NONNULL = YES;
				CLANG_ANALYZER_NUMBER_OBJECT_CONVERSION = YES_AGGRESSIVE;
				CLANG_CXX_LANGUAGE_STANDARD = "gnu++14";
				CLANG_CXX_LIBRARY = "libc++";
				CLANG_ENABLE_MODULES = YES;
				CLANG_ENABLE_OBJC_ARC = YES;
				CLANG_ENABLE_OBJC_WEAK = YES;
				CLANG_WARN_BLOCK_CAPTURE_AUTORELEASING = YES;
				CLANG_WARN_BOOL_CONVERSION = YES;
				CLANG_WARN_COMMA = YES;
				CLANG_WARN_CONSTANT_CONVERSION = YES;
				CLANG_WARN_DEPRECATED_OBJC_IMPLEMENTATIONS = YES;
				CLANG_WARN_DIRECT_OBJC_ISA_USAGE = YES_ERROR;
				CLANG_WARN_DOCUMENTATION_COMMENTS = YES;
				CLANG_WARN_EMPTY_BODY = YES;
				CLANG_WARN_ENUM_CONVERSION = YES;
				CLANG_WARN_INFINITE_RECURSION = YES;
				CLANG_WARN_INT_CONVERSION = YES;
				CLANG_WARN_NON_LITERAL_NULL_CONVERSION = YES;
				CLANG_WARN_OBJC_IMPLICIT_RETAIN_SELF = YES;
				CLANG_WARN_OBJC_LITERAL_CONVERSION = YES;
				CLANG_WARN_OBJC_ROOT_CLASS = YES_ERROR;
				CLANG_WARN_QUOTED_INCLUDE_IN_FRAMEWORK_HEADER = YES;
				CLANG_WARN_RANGE_LOOP_ANALYSIS = YES;
				CLANG_WARN_STRICT_PROTOTYPES = YES;
				CLANG_WARN_SUSPICIOUS_MOVE = YES;
				CLANG_WARN_UNGUARDED_AVAILABILITY = YES_AGGRESSIVE;
				CLANG_WARN_UNREACHABLE_CODE = YES;
				CLANG_WARN__DUPLICATE_METHOD_MATCH = YES;
				COPY_PHASE_STRIP = NO;
				DEBUG_INFORMATION_FORMAT = dwarf;
				ENABLE_STRICT_OBJC_MSGSEND = YES;
				ENABLE_TESTABILITY = YES;
				GCC_C_LANGUAGE_STANDARD = gnu11;
				GCC_DYNAMIC_NO_PIC = NO;
				GCC_NO_COMMON_BLOCKS = YES;
				GCC_OPTIMIZATION_LEVEL = 0;
				GCC_PREPROCESSOR_DEFINITIONS = (
					"DEBUG=1",
					"$(inherited)",
				);
				GCC_WARN_64_TO_32_BIT_CONVERSION = YES;
				GCC_WARN_ABOUT_RETURN_TYPE = YES_ERROR;
				GCC_WARN_UNDECLARED_SELECTOR = YES;
				GCC_WARN_UNINITIALIZED_AUTOS = YES_AGGRESSIVE;
				GCC_WARN_UNUSED_FUNCTION = YES;
				GCC_WARN_UNUSED_VARIABLE = YES;
				IPHONEOS_DEPLOYMENT_TARGET = 14.2;
				MTL_ENABLE_DEBUG_INFO = INCLUDE_SOURCE;
				MTL_FAST_MATH = YES;
				ONLY_ACTIVE_ARCH = YES;
				SDKROOT = iphoneos;
				SWIFT_ACTIVE_COMPILATION_CONDITIONS = DEBUG;
				SWIFT_OPTIMIZATION_LEVEL = "-Onone";
			};
			name = Debug;
		};
		4B6CBF94260923DE0011E461 /* Release */ = {
			isa = XCBuildConfiguration;
			buildSettings = {
				ALWAYS_SEARCH_USER_PATHS = NO;
				CLANG_ANALYZER_NONNULL = YES;
				CLANG_ANALYZER_NUMBER_OBJECT_CONVERSION = YES_AGGRESSIVE;
				CLANG_CXX_LANGUAGE_STANDARD = "gnu++14";
				CLANG_CXX_LIBRARY = "libc++";
				CLANG_ENABLE_MODULES = YES;
				CLANG_ENABLE_OBJC_ARC = YES;
				CLANG_ENABLE_OBJC_WEAK = YES;
				CLANG_WARN_BLOCK_CAPTURE_AUTORELEASING = YES;
				CLANG_WARN_BOOL_CONVERSION = YES;
				CLANG_WARN_COMMA = YES;
				CLANG_WARN_CONSTANT_CONVERSION = YES;
				CLANG_WARN_DEPRECATED_OBJC_IMPLEMENTATIONS = YES;
				CLANG_WARN_DIRECT_OBJC_ISA_USAGE = YES_ERROR;
				CLANG_WARN_DOCUMENTATION_COMMENTS = YES;
				CLANG_WARN_EMPTY_BODY = YES;
				CLANG_WARN_ENUM_CONVERSION = YES;
				CLANG_WARN_INFINITE_RECURSION = YES;
				CLANG_WARN_INT_CONVERSION = YES;
				CLANG_WARN_NON_LITERAL_NULL_CONVERSION = YES;
				CLANG_WARN_OBJC_IMPLICIT_RETAIN_SELF = YES;
				CLANG_WARN_OBJC_LITERAL_CONVERSION = YES;
				CLANG_WARN_OBJC_ROOT_CLASS = YES_ERROR;
				CLANG_WARN_QUOTED_INCLUDE_IN_FRAMEWORK_HEADER = YES;
				CLANG_WARN_RANGE_LOOP_ANALYSIS = YES;
				CLANG_WARN_STRICT_PROTOTYPES = YES;
				CLANG_WARN_SUSPICIOUS_MOVE = YES;
				CLANG_WARN_UNGUARDED_AVAILABILITY = YES_AGGRESSIVE;
				CLANG_WARN_UNREACHABLE_CODE = YES;
				CLANG_WARN__DUPLICATE_METHOD_MATCH = YES;
				COPY_PHASE_STRIP = NO;
				DEBUG_INFORMATION_FORMAT = "dwarf-with-dsym";
				ENABLE_NS_ASSERTIONS = NO;
				ENABLE_STRICT_OBJC_MSGSEND = YES;
				GCC_C_LANGUAGE_STANDARD = gnu11;
				GCC_NO_COMMON_BLOCKS = YES;
				GCC_WARN_64_TO_32_BIT_CONVERSION = YES;
				GCC_WARN_ABOUT_RETURN_TYPE = YES_ERROR;
				GCC_WARN_UNDECLARED_SELECTOR = YES;
				GCC_WARN_UNINITIALIZED_AUTOS = YES_AGGRESSIVE;
				GCC_WARN_UNUSED_FUNCTION = YES;
				GCC_WARN_UNUSED_VARIABLE = YES;
				IPHONEOS_DEPLOYMENT_TARGET = 14.2;
				MTL_ENABLE_DEBUG_INFO = NO;
				MTL_FAST_MATH = YES;
				SDKROOT = iphoneos;
				SWIFT_COMPILATION_MODE = wholemodule;
				SWIFT_OPTIMIZATION_LEVEL = "-O";
				VALIDATE_PRODUCT = YES;
			};
			name = Release;
		};
		4B6CBF96260923DE0011E461 /* Debug */ = {
			isa = XCBuildConfiguration;
			buildSettings = {
				ASSETCATALOG_COMPILER_APPICON_NAME = AppIcon;
				ASSETCATALOG_COMPILER_GLOBAL_ACCENT_COLOR_NAME = AccentColor;
				CODE_SIGN_STYLE = Automatic;
				DEVELOPMENT_ASSET_PATHS = "\"AllMate/Preview Content\"";
				DEVELOPMENT_TEAM = V5P29Y93LL;
				ENABLE_PREVIEWS = YES;
				INFOPLIST_FILE = AllMate/Info.plist;
				LD_RUNPATH_SEARCH_PATHS = (
					"$(inherited)",
					"@executable_path/Frameworks",
				);
				PRODUCT_BUNDLE_IDENTIFIER = com.derekhsieh.AllMate;
				PRODUCT_NAME = "$(TARGET_NAME)";
				SWIFT_VERSION = 5.0;
				TARGETED_DEVICE_FAMILY = "1,2";
			};
			name = Debug;
		};
		4B6CBF97260923DE0011E461 /* Release */ = {
			isa = XCBuildConfiguration;
			buildSettings = {
				ASSETCATALOG_COMPILER_APPICON_NAME = AppIcon;
				ASSETCATALOG_COMPILER_GLOBAL_ACCENT_COLOR_NAME = AccentColor;
				CODE_SIGN_STYLE = Automatic;
				DEVELOPMENT_ASSET_PATHS = "\"AllMate/Preview Content\"";
				DEVELOPMENT_TEAM = V5P29Y93LL;
				ENABLE_PREVIEWS = YES;
				INFOPLIST_FILE = AllMate/Info.plist;
				LD_RUNPATH_SEARCH_PATHS = (
					"$(inherited)",
					"@executable_path/Frameworks",
				);
				PRODUCT_BUNDLE_IDENTIFIER = com.derekhsieh.AllMate;
				PRODUCT_NAME = "$(TARGET_NAME)";
				SWIFT_VERSION = 5.0;
				TARGETED_DEVICE_FAMILY = "1,2";
			};
			name = Release;
		};
/* End XCBuildConfiguration section */

/* Begin XCConfigurationList section */
		4B6CBF7C260923DC0011E461 /* Build configuration list for PBXProject "AllMate" */ = {
			isa = XCConfigurationList;
			buildConfigurations = (
				4B6CBF93260923DE0011E461 /* Debug */,
				4B6CBF94260923DE0011E461 /* Release */,
			);
			defaultConfigurationIsVisible = 0;
			defaultConfigurationName = Release;
		};
		4B6CBF95260923DE0011E461 /* Build configuration list for PBXNativeTarget "AllMate" */ = {
			isa = XCConfigurationList;
			buildConfigurations = (
				4B6CBF96260923DE0011E461 /* Debug */,
				4B6CBF97260923DE0011E461 /* Release */,
			);
			defaultConfigurationIsVisible = 0;
			defaultConfigurationName = Release;
		};
/* End XCConfigurationList section */
	};
	rootObject = 4B6CBF79260923DC0011E461 /* Project object */;
}
